// !$*UTF8*$!
{
	archiveVersion = 1;
	classes = {
	};
	objectVersion = 46;
	objects = {

/* Begin PBXBuildFile section */
		6D5C1BD222BC2456009E03F2 /* CoreData.framework in Frameworks */ = {isa = PBXBuildFile; fileRef = 6D79B0DD223262CA008C9CB7 /* CoreData.framework */; };
		6D76780022B17AB200C80DDE /* QuartzCore.framework in Frameworks */ = {isa = PBXBuildFile; fileRef = 6D7677FE22B1430700C80DDE /* QuartzCore.framework */; };
		6D85C897218BD6E10088D849 /* HelpPanelController.m in Sources */ = {isa = PBXBuildFile; fileRef = 6D85C895218BD6E00088D849 /* HelpPanelController.m */; };
		6D85C898218BD6E10088D849 /* HelpPanelController.xib in Resources */ = {isa = PBXBuildFile; fileRef = 6D85C896218BD6E00088D849 /* HelpPanelController.xib */; };
		6DCDD44C23104AC4006715DD /* fonts in Resources */ = {isa = PBXBuildFile; fileRef = 6DCDD44B23104AC4006715DD /* fonts */; };
		961CCEF109F23A0000528FF9 /* AppDelegate.m in Sources */ = {isa = PBXBuildFile; fileRef = 961CCEDE09F239E700528FF9 /* AppDelegate.m */; };
		961CCEF209F23A0000528FF9 /* main.m in Sources */ = {isa = PBXBuildFile; fileRef = 961CCEE009F239E700528FF9 /* main.m */; };
		961CCF3D09F2946700528FF9 /* MainMenu.nib in Resources */ = {isa = PBXBuildFile; fileRef = 961CCF2C09F2940F00528FF9 /* MainMenu.nib */; };
		961CCF4009F2946F00528FF9 /* Credits.rtf in Resources */ = {isa = PBXBuildFile; fileRef = 961CCF2309F2940F00528FF9 /* Credits.rtf */; };
		961CCF4609F2947700528FF9 /* HUGO License.rtf in Copy Documentation Files */ = {isa = PBXBuildFile; fileRef = 961CCF2A09F2940F00528FF9 /* HUGO License.rtf */; };
		966EFA7809F635D400FA7F19 /* Defaults.plist in Resources */ = {isa = PBXBuildFile; fileRef = 966EFA7709F635D400FA7F19 /* Defaults.plist */; };
		96A80EFD09F5821400CC75F4 /* InfoPlist.strings in Resources */ = {isa = PBXBuildFile; fileRef = 96A80EFC09F5821400CC75F4 /* InfoPlist.strings */; };
		96B6FE6F0A0E4E0200E62E4D /* Question.png in Resources */ = {isa = PBXBuildFile; fileRef = 96B6FE6E0A0E4E0200E62E4D /* Question.png */; };
		C301D30D25D35E9300DC4A2B /* Media.xcassets in Resources */ = {isa = PBXBuildFile; fileRef = C301D30C25D35E9300DC4A2B /* Media.xcassets */; };
/* End PBXBuildFile section */

/* Begin PBXCopyFilesBuildPhase section */
		9650315509F296CF0083E64E /* Copy Interpreter Files */ = {
			isa = PBXCopyFilesBuildPhase;
			buildActionMask = 2147483647;
			dstPath = "";
			dstSubfolderSpec = 6;
			files = (
			);
			name = "Copy Interpreter Files";
			runOnlyForDeploymentPostprocessing = 0;
		};
		967E3F610A0FFA5C00F1A1A3 /* Copy Documentation Files */ = {
			isa = PBXCopyFilesBuildPhase;
			buildActionMask = 2147483647;
			dstPath = docs;
			dstSubfolderSpec = 7;
			files = (
				961CCF4609F2947700528FF9 /* HUGO License.rtf in Copy Documentation Files */,
			);
			name = "Copy Documentation Files";
			runOnlyForDeploymentPostprocessing = 0;
		};
		C360FB3925DAFE5C0050AA10 /* CopyFiles */ = {
			isa = PBXCopyFilesBuildPhase;
			buildActionMask = 2147483647;
			dstPath = "";
			dstSubfolderSpec = 10;
			files = (
			);
			runOnlyForDeploymentPostprocessing = 0;
		};
/* End PBXCopyFilesBuildPhase section */

/* Begin PBXFileReference section */
		6D7677FE22B1430700C80DDE /* QuartzCore.framework */ = {isa = PBXFileReference; lastKnownFileType = wrapper.framework; name = QuartzCore.framework; path = /System/Library/Frameworks/QuartzCore.framework; sourceTree = "<absolute>"; };
		6D79B0D9223262CA008C9CB7 /* Cocoa.framework */ = {isa = PBXFileReference; lastKnownFileType = wrapper.framework; name = Cocoa.framework; path = System/Library/Frameworks/Cocoa.framework; sourceTree = SDKROOT; };
		6D79B0DC223262CA008C9CB7 /* AppKit.framework */ = {isa = PBXFileReference; lastKnownFileType = wrapper.framework; name = AppKit.framework; path = System/Library/Frameworks/AppKit.framework; sourceTree = SDKROOT; };
		6D79B0DD223262CA008C9CB7 /* CoreData.framework */ = {isa = PBXFileReference; lastKnownFileType = wrapper.framework; name = CoreData.framework; path = System/Library/Frameworks/CoreData.framework; sourceTree = SDKROOT; };
		6D79B0DE223262CA008C9CB7 /* Foundation.framework */ = {isa = PBXFileReference; lastKnownFileType = wrapper.framework; name = Foundation.framework; path = System/Library/Frameworks/Foundation.framework; sourceTree = SDKROOT; };
		6D85C894218BD6E00088D849 /* HelpPanelController.h */ = {isa = PBXFileReference; fileEncoding = 4; lastKnownFileType = sourcecode.c.h; path = HelpPanelController.h; sourceTree = "<group>"; };
		6D85C895218BD6E00088D849 /* HelpPanelController.m */ = {isa = PBXFileReference; fileEncoding = 4; lastKnownFileType = sourcecode.c.objc; path = HelpPanelController.m; sourceTree = "<group>"; };
		6D85C896218BD6E00088D849 /* HelpPanelController.xib */ = {isa = PBXFileReference; fileEncoding = 4; lastKnownFileType = file.xib; name = HelpPanelController.xib; path = ../application/HelpPanelController.xib; sourceTree = "<group>"; };
		6DCDD44B23104AC4006715DD /* fonts */ = {isa = PBXFileReference; lastKnownFileType = folder; path = fonts; sourceTree = "<group>"; };
		961CCEC409F239C100528FF9 /* Spatterlight.app */ = {isa = PBXFileReference; explicitFileType = wrapper.application; includeInIndex = 0; path = Spatterlight.app; sourceTree = BUILT_PRODUCTS_DIR; };
		961CCEDD09F239E700528FF9 /* AppDelegate.h */ = {isa = PBXFileReference; fileEncoding = 4; lastKnownFileType = sourcecode.c.h; path = AppDelegate.h; sourceTree = "<group>"; };
		961CCEDE09F239E700528FF9 /* AppDelegate.m */ = {isa = PBXFileReference; fileEncoding = 4; lastKnownFileType = sourcecode.c.objc; path = AppDelegate.m; sourceTree = "<group>"; };
		961CCEDF09F239E700528FF9 /* main.h */ = {isa = PBXFileReference; fileEncoding = 4; lastKnownFileType = sourcecode.c.h; path = main.h; sourceTree = "<group>"; };
		961CCEE009F239E700528FF9 /* main.m */ = {isa = PBXFileReference; fileEncoding = 4; lastKnownFileType = sourcecode.c.objc; path = main.m; sourceTree = "<group>"; };
		961CCF2309F2940F00528FF9 /* Credits.rtf */ = {isa = PBXFileReference; lastKnownFileType = text.rtf; path = Credits.rtf; sourceTree = "<group>"; };
		961CCF2409F2940F00528FF9 /* IconApp.icns */ = {isa = PBXFileReference; lastKnownFileType = image.icns; path = IconApp.icns; sourceTree = "<group>"; };
		961CCF2509F2940F00528FF9 /* IconGame.icns */ = {isa = PBXFileReference; lastKnownFileType = image.icns; path = IconGame.icns; sourceTree = "<group>"; };
		961CCF2A09F2940F00528FF9 /* HUGO License.rtf */ = {isa = PBXFileReference; fileEncoding = 4; lastKnownFileType = text.rtf; path = "HUGO License.rtf"; sourceTree = "<group>"; };
		961CCF2C09F2940F00528FF9 /* MainMenu.nib */ = {isa = PBXFileReference; lastKnownFileType = wrapper.nib; path = MainMenu.nib; sourceTree = "<group>"; };
		9650319509F29D3E0083E64E /* Info.plist */ = {isa = PBXFileReference; fileEncoding = 30; lastKnownFileType = text.plist.xml; path = Info.plist; sourceTree = "<group>"; };
		966EFA7709F635D400FA7F19 /* Defaults.plist */ = {isa = PBXFileReference; fileEncoding = 4; lastKnownFileType = text.plist; path = Defaults.plist; sourceTree = "<group>"; };
		96A80EFC09F5821400CC75F4 /* InfoPlist.strings */ = {isa = PBXFileReference; fileEncoding = 4; lastKnownFileType = text.plist.strings; path = InfoPlist.strings; sourceTree = "<group>"; };
		96B6FE6E0A0E4E0200E62E4D /* Question.png */ = {isa = PBXFileReference; lastKnownFileType = image.png; path = Question.png; sourceTree = "<group>"; };
		C301D30C25D35E9300DC4A2B /* Media.xcassets */ = {isa = PBXFileReference; lastKnownFileType = folder.assetcatalog; path = Media.xcassets; sourceTree = "<group>"; };
		C311DEF625C472E500484639 /* Quartz.framework */ = {isa = PBXFileReference; lastKnownFileType = wrapper.framework; name = Quartz.framework; path = System/Library/Frameworks/Quartz.framework; sourceTree = SDKROOT; };
		C399292E25C99F2C0069E73A /* Spatterlight.entitlements */ = {isa = PBXFileReference; lastKnownFileType = text.plist.entitlements; path = Spatterlight.entitlements; sourceTree = "<group>"; };
/* End PBXFileReference section */

/* Begin PBXFrameworksBuildPhase section */
		961CCEC209F239C100528FF9 /* Frameworks */ = {
			isa = PBXFrameworksBuildPhase;
			buildActionMask = 2147483647;
			files = (
				6D76780022B17AB200C80DDE /* QuartzCore.framework in Frameworks */,
				6D5C1BD222BC2456009E03F2 /* CoreData.framework in Frameworks */,
			);
			runOnlyForDeploymentPostprocessing = 0;
		};
/* End PBXFrameworksBuildPhase section */

/* Begin PBXGroup section */
		6D79B0DB223262CA008C9CB7 /* Other Frameworks */ = {
			isa = PBXGroup;
			children = (
				6D79B0DC223262CA008C9CB7 /* AppKit.framework */,
				6D79B0DD223262CA008C9CB7 /* CoreData.framework */,
				6D79B0DE223262CA008C9CB7 /* Foundation.framework */,
			);
			name = "Other Frameworks";
			sourceTree = "<group>";
		};
		961CCE5E09F2375A00528FF9 = {
			isa = PBXGroup;
			children = (
				C399292E25C99F2C0069E73A /* Spatterlight.entitlements */,
				961CCECA09F239E700528FF9 /* application */,
				961CCF2109F2940F00528FF9 /* resources */,
				961CCF6509F295CA00528FF9 /* Frameworks */,
				961CCE7C09F237E700528FF9 /* Products */,
			);
			sourceTree = "<group>";
		};
		961CCE7C09F237E700528FF9 /* Products */ = {
			isa = PBXGroup;
			children = (
				961CCEC409F239C100528FF9 /* Spatterlight.app */,
			);
			name = Products;
			sourceTree = "<group>";
		};
		961CCECA09F239E700528FF9 /* application */ = {
			isa = PBXGroup;
			children = (
				961CCEDF09F239E700528FF9 /* main.h */,
				961CCEE009F239E700528FF9 /* main.m */,
				961CCEDD09F239E700528FF9 /* AppDelegate.h */,
				961CCEDE09F239E700528FF9 /* AppDelegate.m */,
				6D85C894218BD6E00088D849 /* HelpPanelController.h */,
				6D85C895218BD6E00088D849 /* HelpPanelController.m */,
			);
			path = application;
			sourceTree = "<group>";
		};
		961CCF2109F2940F00528FF9 /* resources */ = {
			isa = PBXGroup;
			children = (
				C301D30C25D35E9300DC4A2B /* Media.xcassets */,
				6DCDD44B23104AC4006715DD /* fonts */,
				961CCF2809F2940F00528FF9 /* docs */,
				961CCF2309F2940F00528FF9 /* Credits.rtf */,
				9650319509F29D3E0083E64E /* Info.plist */,
				96A80EFC09F5821400CC75F4 /* InfoPlist.strings */,
				966EFA7709F635D400FA7F19 /* Defaults.plist */,
				961CCF2409F2940F00528FF9 /* IconApp.icns */,
				961CCF2509F2940F00528FF9 /* IconGame.icns */,
				96B6FE6E0A0E4E0200E62E4D /* Question.png */,
				961CCF2C09F2940F00528FF9 /* MainMenu.nib */,
				6D85C896218BD6E00088D849 /* HelpPanelController.xib */,
			);
			path = resources;
			sourceTree = "<group>";
		};
		961CCF2809F2940F00528FF9 /* docs */ = {
			isa = PBXGroup;
			children = (
				961CCF2A09F2940F00528FF9 /* HUGO License.rtf */,
			);
			path = docs;
			sourceTree = "<group>";
		};
		961CCF6509F295CA00528FF9 /* Frameworks */ = {
			isa = PBXGroup;
			children = (
				6D79B0D9223262CA008C9CB7 /* Cocoa.framework */,
				6D7677FE22B1430700C80DDE /* QuartzCore.framework */,
				C311DEF625C472E500484639 /* Quartz.framework */,
				6D79B0DB223262CA008C9CB7 /* Other Frameworks */,
			);
			name = Frameworks;
			sourceTree = "<group>";
		};
/* End PBXGroup section */

/* Begin PBXNativeTarget section */
		961CCEC309F239C100528FF9 /* Spatterlight */ = {
			isa = PBXNativeTarget;
			buildConfigurationList = 961CCEC709F239C100528FF9 /* Build configuration list for PBXNativeTarget "Spatterlight" */;
			buildPhases = (
				961CCEC009F239C100528FF9 /* Resources */,
				967E3F610A0FFA5C00F1A1A3 /* Copy Documentation Files */,
				961CCEC109F239C100528FF9 /* Sources */,
				961CCEC209F239C100528FF9 /* Frameworks */,
				C360FB3925DAFE5C0050AA10 /* CopyFiles */,
				9650315509F296CF0083E64E /* Copy Interpreter Files */,
			);
			buildRules = (
			);
			comments = "Don't forget to install FMODEx and change the installed name of the dylib with\nthe install_name_tool -id @executable_path/libfmodex.dylib\n";
			dependencies = (
			);
			name = Spatterlight;
			productName = Spatterlight;
			productReference = 961CCEC409F239C100528FF9 /* Spatterlight.app */;
			productType = "com.apple.product-type.application";
		};
/* End PBXNativeTarget section */

/* Begin PBXProject section */
		961CCE6009F2375A00528FF9 /* Project object */ = {
			isa = PBXProject;
			attributes = {
				LastUpgradeCheck = 1240;
				TargetAttributes = {
					961CCEC309F239C100528FF9 = {
						ProvisioningStyle = Manual;
					};
				};
			};
			buildConfigurationList = 961CCE6109F2375A00528FF9 /* Build configuration list for PBXProject "Spatterlight" */;
			compatibilityVersion = "Xcode 3.2";
			developmentRegion = en;
			hasScannedForEncodings = 0;
			knownRegions = (
				fr,
				ja,
				de,
				en,
				Base,
			);
			mainGroup = 961CCE5E09F2375A00528FF9;
			productRefGroup = 961CCE7C09F237E700528FF9 /* Products */;
			projectDirPath = "";
			projectRoot = "";
			targets = (
				961CCEC309F239C100528FF9 /* Spatterlight */,
			);
		};
/* End PBXProject section */

/* Begin PBXResourcesBuildPhase section */
		961CCEC009F239C100528FF9 /* Resources */ = {
			isa = PBXResourcesBuildPhase;
			buildActionMask = 2147483647;
			files = (
				6DCDD44C23104AC4006715DD /* fonts in Resources */,
				961CCF4009F2946F00528FF9 /* Credits.rtf in Resources */,
				96A80EFD09F5821400CC75F4 /* InfoPlist.strings in Resources */,
				C301D30D25D35E9300DC4A2B /* Media.xcassets in Resources */,
				966EFA7809F635D400FA7F19 /* Defaults.plist in Resources */,
				96B6FE6F0A0E4E0200E62E4D /* Question.png in Resources */,
				961CCF3D09F2946700528FF9 /* MainMenu.nib in Resources */,
				6D85C898218BD6E10088D849 /* HelpPanelController.xib in Resources */,
			);
			runOnlyForDeploymentPostprocessing = 0;
		};
/* End PBXResourcesBuildPhase section */

/* Begin PBXSourcesBuildPhase section */
		961CCEC109F239C100528FF9 /* Sources */ = {
			isa = PBXSourcesBuildPhase;
			buildActionMask = 2147483647;
			files = (
				961CCEF209F23A0000528FF9 /* main.m in Sources */,
				961CCEF109F23A0000528FF9 /* AppDelegate.m in Sources */,
				6D85C897218BD6E10088D849 /* HelpPanelController.m in Sources */,
			);
			runOnlyForDeploymentPostprocessing = 0;
		};
/* End PBXSourcesBuildPhase section */

/* Begin XCBuildConfiguration section */
		961CCE6209F2375A00528FF9 /* Debug */ = {
			isa = XCBuildConfiguration;
			buildSettings = {
				ALWAYS_SEARCH_USER_PATHS = NO;
				CLANG_ANALYZER_LOCALIZABILITY_NONLOCALIZED = YES;
				CLANG_WARN_BLOCK_CAPTURE_AUTORELEASING = YES;
				CLANG_WARN_BOOL_CONVERSION = YES;
				CLANG_WARN_COMMA = YES;
				CLANG_WARN_CONSTANT_CONVERSION = YES;
				CLANG_WARN_DEPRECATED_OBJC_IMPLEMENTATIONS = YES;
				CLANG_WARN_EMPTY_BODY = YES;
				CLANG_WARN_ENUM_CONVERSION = YES;
				CLANG_WARN_INFINITE_RECURSION = YES;
				CLANG_WARN_INT_CONVERSION = YES;
				CLANG_WARN_NON_LITERAL_NULL_CONVERSION = YES;
				CLANG_WARN_OBJC_IMPLICIT_RETAIN_SELF = YES;
				CLANG_WARN_OBJC_LITERAL_CONVERSION = YES;
				CLANG_WARN_QUOTED_INCLUDE_IN_FRAMEWORK_HEADER = YES;
				CLANG_WARN_RANGE_LOOP_ANALYSIS = YES;
				CLANG_WARN_STRICT_PROTOTYPES = YES;
				CLANG_WARN_SUSPICIOUS_MOVE = YES;
				CLANG_WARN_UNREACHABLE_CODE = YES;
				CLANG_WARN__DUPLICATE_METHOD_MATCH = YES;
				CODE_SIGN_IDENTITY = "Apple Development";
				CODE_SIGN_INJECT_BASE_ENTITLEMENTS = YES;
				CODE_SIGN_STYLE = Automatic;
				COPY_PHASE_STRIP = NO;
				DEBUG_INFORMATION_FORMAT = "dwarf-with-dsym";
				DEVELOPMENT_TEAM = 6U7YY3724Y;
				ENABLE_HARDENED_RUNTIME = YES;
				ENABLE_STRICT_OBJC_MSGSEND = YES;
				ENABLE_TESTABILITY = YES;
				FRAMEWORK_SEARCH_PATHS = "";
				GCC_CHAR_IS_UNSIGNED_CHAR = NO;
				GCC_INPUT_FILETYPE = automatic;
				GCC_NO_COMMON_BLOCKS = YES;
				GCC_WARN_64_TO_32_BIT_CONVERSION = NO;
				GCC_WARN_ABOUT_RETURN_TYPE = YES;
				GCC_WARN_UNDECLARED_SELECTOR = YES;
				GCC_WARN_UNINITIALIZED_AUTOS = NO;
				GCC_WARN_UNUSED_FUNCTION = YES;
				GCC_WARN_UNUSED_VARIABLE = YES;
				HEADER_SEARCH_PATHS = "$(PROJECT_DIR)/headers";
				LD_RUNPATH_SEARCH_PATHS = "";
				LIBRARY_SEARCH_PATHS = "";
				MACOSX_DEPLOYMENT_TARGET = 10.10;
				ONLY_ACTIVE_ARCH = YES;
				SDKROOT = macosx;
			};
			name = Debug;
		};
		961CCE6309F2375A00528FF9 /* Release */ = {
			isa = XCBuildConfiguration;
			buildSettings = {
				ALWAYS_SEARCH_USER_PATHS = NO;
				CLANG_ANALYZER_LOCALIZABILITY_NONLOCALIZED = YES;
				CLANG_WARN_BLOCK_CAPTURE_AUTORELEASING = YES;
				CLANG_WARN_BOOL_CONVERSION = YES;
				CLANG_WARN_COMMA = YES;
				CLANG_WARN_CONSTANT_CONVERSION = YES;
				CLANG_WARN_DEPRECATED_OBJC_IMPLEMENTATIONS = YES;
				CLANG_WARN_EMPTY_BODY = YES;
				CLANG_WARN_ENUM_CONVERSION = YES;
				CLANG_WARN_INFINITE_RECURSION = YES;
				CLANG_WARN_INT_CONVERSION = YES;
				CLANG_WARN_NON_LITERAL_NULL_CONVERSION = YES;
				CLANG_WARN_OBJC_IMPLICIT_RETAIN_SELF = YES;
				CLANG_WARN_OBJC_LITERAL_CONVERSION = YES;
				CLANG_WARN_QUOTED_INCLUDE_IN_FRAMEWORK_HEADER = YES;
				CLANG_WARN_RANGE_LOOP_ANALYSIS = YES;
				CLANG_WARN_STRICT_PROTOTYPES = YES;
				CLANG_WARN_SUSPICIOUS_MOVE = YES;
				CLANG_WARN_UNREACHABLE_CODE = YES;
				CLANG_WARN__DUPLICATE_METHOD_MATCH = YES;
				"CODE_SIGN_ENTITLEMENTS[sdk=*]" = "";
				CODE_SIGN_IDENTITY = "Apple Development";
				CODE_SIGN_INJECT_BASE_ENTITLEMENTS = YES;
				CODE_SIGN_STYLE = Automatic;
				COPY_PHASE_STRIP = YES;
				DEBUG_INFORMATION_FORMAT = "";
				DEVELOPMENT_TEAM = 6U7YY3724Y;
				ENABLE_HARDENED_RUNTIME = YES;
				ENABLE_STRICT_OBJC_MSGSEND = YES;
				FRAMEWORK_SEARCH_PATHS = "";
				GCC_CHAR_IS_UNSIGNED_CHAR = NO;
				GCC_INPUT_FILETYPE = automatic;
				GCC_NO_COMMON_BLOCKS = YES;
				GCC_OPTIMIZATION_LEVEL = 3;
				GCC_WARN_64_TO_32_BIT_CONVERSION = NO;
				GCC_WARN_ABOUT_RETURN_TYPE = YES;
				GCC_WARN_UNDECLARED_SELECTOR = YES;
				GCC_WARN_UNINITIALIZED_AUTOS = NO;
				GCC_WARN_UNUSED_FUNCTION = YES;
				GCC_WARN_UNUSED_VARIABLE = YES;
				HEADER_SEARCH_PATHS = "$(PROJECT_DIR)/headers";
				LD_RUNPATH_SEARCH_PATHS = "";
				LIBRARY_SEARCH_PATHS = "";
				MACOSX_DEPLOYMENT_TARGET = 10.10;
				ONLY_ACTIVE_ARCH = YES;
				SDKROOT = macosx;
			};
			name = Release;
		};
		961CCEC809F239C100528FF9 /* Debug */ = {
			isa = XCBuildConfiguration;
			buildSettings = {
				ASSETCATALOG_COMPILER_APPICON_NAME = AppIcon;
				CLANG_ENABLE_OBJC_ARC = YES;
				CLANG_WARN_IMPLICIT_SIGN_CONVERSION = YES;
				CLANG_WARN_SUSPICIOUS_IMPLICIT_CONVERSION = YES;
				CODE_SIGN_ENTITLEMENTS = Spatterlight.entitlements;
				CODE_SIGN_IDENTITY = "-";
				CODE_SIGN_INJECT_BASE_ENTITLEMENTS = YES;
				CODE_SIGN_STYLE = Manual;
				COMBINE_HIDPI_IMAGES = YES;
				COPY_PHASE_STRIP = NO;
				DEVELOPMENT_TEAM = "";
				ENABLE_HARDENED_RUNTIME = NO;
				FRAMEWORK_SEARCH_PATHS = (
					"$(PROJECT_DIR)/Frameworks",
					"$(PROJECT_DIR)/Frameworks/SDL2_mixer.framework/Versions/A/Frameworks",
					"\"$(SRCROOT)/Frameworks/SDL2_mixer.framework/Frameworks\"",
				);
				GCC_DYNAMIC_NO_PIC = NO;
				GCC_GENERATE_DEBUGGING_SYMBOLS = YES;
				GCC_INPUT_FILETYPE = sourcecode.c.objc;
				GCC_OPTIMIZATION_LEVEL = 0;
				GCC_PRECOMPILE_PREFIX_HEADER = YES;
				GCC_PREFIX_HEADER = "$(SYSTEM_LIBRARY_DIR)/Frameworks/AppKit.framework/Headers/AppKit.h";
				GCC_PREPROCESSOR_DEFINITIONS = DEBUG;
				GCC_PREPROCESSOR_DEFINITIONS_NOT_USED_IN_PRECOMPS = "";
				GCC_WARN_ABOUT_MISSING_FIELD_INITIALIZERS = YES;
				GCC_WARN_ABOUT_MISSING_NEWLINE = YES;
				GCC_WARN_ABOUT_MISSING_PROTOTYPES = NO;
				GCC_WARN_ABOUT_POINTER_SIGNEDNESS = YES;
				GCC_WARN_INITIALIZER_NOT_FULLY_BRACKETED = YES;
				GCC_WARN_SHADOW = YES;
				GCC_WARN_SIGN_COMPARE = YES;
				GCC_WARN_UNUSED_PARAMETER = NO;
				HEADER_SEARCH_PATHS = "$(HEADER_SEARCH_PATHS)";
				INFOPLIST_FILE = resources/Info.plist;
				INSTALL_PATH = "$(HOME)/Applications";
				LD_RUNPATH_SEARCH_PATHS = "@loader_path/../Frameworks @executable_path/../Frameworks";
				LIBRARY_SEARCH_PATHS = (
					"$(LIBRARY_SEARCH_PATHS)",
					"$(PROJECT_DIR)/Frameworks",
				);
				MARKETING_VERSION = 0.7.6;
				OTHER_LDFLAGS = (
					"-framework",
					Foundation,
					"-framework",
					AppKit,
				);
				PRODUCT_BUNDLE_IDENTIFIER = net.ccxvii.spatterlight;
				PRODUCT_NAME = Spatterlight;
				PROVISIONING_PROFILE_SPECIFIER = "";
				SDKROOT = macosx;
				SKIP_INSTALL = NO;
				STRIP_PNG_TEXT = YES;
				WRAPPER_EXTENSION = app;
			};
			name = Debug;
		};
		961CCEC909F239C100528FF9 /* Release */ = {
			isa = XCBuildConfiguration;
			buildSettings = {
				ASSETCATALOG_COMPILER_APPICON_NAME = AppIcon;
				CLANG_ENABLE_OBJC_ARC = YES;
				CLANG_WARN_IMPLICIT_SIGN_CONVERSION = YES;
				CLANG_WARN_SUSPICIOUS_IMPLICIT_CONVERSION = YES;
				CODE_SIGN_ENTITLEMENTS = Spatterlight.entitlements;
				CODE_SIGN_IDENTITY = "-";
				CODE_SIGN_INJECT_BASE_ENTITLEMENTS = YES;
				CODE_SIGN_STYLE = Manual;
				COMBINE_HIDPI_IMAGES = YES;
				COPY_PHASE_STRIP = NO;
				DEAD_CODE_STRIPPING = YES;
				DEBUG_INFORMATION_FORMAT = "";
				DEVELOPMENT_TEAM = "";
				ENABLE_HARDENED_RUNTIME = NO;
				FRAMEWORK_SEARCH_PATHS = (
					"$(PROJECT_DIR)/Frameworks",
					"$(PROJECT_DIR)/Frameworks/SDL2_mixer.framework/Versions/A/Frameworks",
					"\"$(SRCROOT)/Frameworks/SDL2_mixer.framework/Frameworks\"",
				);
				GCC_GENERATE_DEBUGGING_SYMBOLS = NO;
				GCC_INPUT_FILETYPE = sourcecode.c.objc;
				GCC_OPTIMIZATION_LEVEL = 3;
				GCC_PRECOMPILE_PREFIX_HEADER = YES;
				GCC_PREFIX_HEADER = "$(SYSTEM_LIBRARY_DIR)/Frameworks/AppKit.framework/Headers/AppKit.h";
				GCC_PREPROCESSOR_DEFINITIONS = "";
				GCC_PREPROCESSOR_DEFINITIONS_NOT_USED_IN_PRECOMPS = "";
				GCC_WARN_ABOUT_MISSING_FIELD_INITIALIZERS = YES;
				GCC_WARN_ABOUT_MISSING_NEWLINE = YES;
				GCC_WARN_ABOUT_MISSING_PROTOTYPES = NO;
				GCC_WARN_ABOUT_POINTER_SIGNEDNESS = YES;
				GCC_WARN_INITIALIZER_NOT_FULLY_BRACKETED = YES;
				GCC_WARN_SHADOW = YES;
				GCC_WARN_SIGN_COMPARE = YES;
				GCC_WARN_UNUSED_PARAMETER = NO;
				HEADER_SEARCH_PATHS = "$(HEADER_SEARCH_PATHS)";
				INFOPLIST_FILE = resources/Info.plist;
				INSTALL_PATH = "$(HOME)/Applications";
				LD_RUNPATH_SEARCH_PATHS = "@loader_path/../Frameworks @executable_path/../Frameworks";
				LIBRARY_SEARCH_PATHS = (
					"$(LIBRARY_SEARCH_PATHS)",
					"$(PROJECT_DIR)/Frameworks",
				);
				MARKETING_VERSION = 0.7.6;
				OTHER_LDFLAGS = (
					"-framework",
					Foundation,
					"-framework",
					AppKit,
				);
				PRODUCT_BUNDLE_IDENTIFIER = net.ccxvii.spatterlight;
				PRODUCT_NAME = Spatterlight;
				PROVISIONING_PROFILE_SPECIFIER = "";
				SDKROOT = macosx;
				SKIP_INSTALL = NO;
				STRIP_PNG_TEXT = YES;
				WRAPPER_EXTENSION = app;
			};
			name = Release;
		};
/* End XCBuildConfiguration section */

/* Begin XCConfigurationList section */
		961CCE6109F2375A00528FF9 /* Build configuration list for PBXProject "Spatterlight" */ = {
			isa = XCConfigurationList;
			buildConfigurations = (
				961CCE6209F2375A00528FF9 /* Debug */,
				961CCE6309F2375A00528FF9 /* Release */,
			);
			defaultConfigurationIsVisible = 0;
			defaultConfigurationName = Release;
		};
		961CCEC709F239C100528FF9 /* Build configuration list for PBXNativeTarget "Spatterlight" */ = {
			isa = XCConfigurationList;
			buildConfigurations = (
				961CCEC809F239C100528FF9 /* Debug */,
				961CCEC909F239C100528FF9 /* Release */,
			);
			defaultConfigurationIsVisible = 0;
			defaultConfigurationName = Release;
		};
/* End XCConfigurationList section */
	};
	rootObject = 961CCE6009F2375A00528FF9 /* Project object */;
}
